{"1.2.0",
[{<<"epgsql">>,{pkg,<<"epgsql">>,<<"4.7.1">>},0},
 {<<"esqlite">>,{pkg,<<"esqlite">>,<<"0.8.1">>},0},
 {<<"mysql">>,{pkg,<<"mysql">>,<<"1.8.0">>},0}]}.
[
{pkg_hash,[
 {<<"epgsql">>, <<"D4E47CAE46C18C8AFA88E34D59A9B4BAE16368D7CE1EB3DA24FA755EB28393EB">>},
 {<<"esqlite">>, <<"749332EE4B323A75ADA2C3E427D96FFCAF15B0CE361F85F019EDF694E54595D6">>},
 {<<"mysql">>, <<"0E4BBCF701B7D8EA5C3750F220F26323C0FC18B844960988BE196B33A8A9F3C1">>}]},
{pkg_hash_ext,[
 {<<"epgsql">>, <<"B6D86B7DC42C8555B1D4E20880E5099D6D6D053148000E188E548F98E4E01836">>},
 {<<"esqlite">>, <<"B90B4B40412E852C42B93A80152CB136856784379930E293EADF767EE2BD2AA4">>},
 {<<"mysql">>, <<"D473C479C19E5CDE20237458EEAD6673C3C00E0EF84AFD30615AEBBB67FEE7B3">>}]}
].
